
Microsoft Visual Studio Solution File, Format Version 12.00
# Visual Studio Version 16
VisualStudioVersion = 16.0.30503.244
MinimumVisualStudioVersion = 10.0.40219.1
Project("{FAE04EC0-301F-11D3-BF4B-00C04F79EFBC}") = "WindowsFormsApp1", "WindowsFormsApp1.csproj", "{023B028D-CEBF-4CBA-B5B4-E1027E19D5A1}"
EndProject
Global
	GlobalSection(SolutionConfigurationPlatforms) = preSolution
		Debug|Any CPU = Debug|Any CPU
		Release|Any CPU = Release|Any CPU
	EndGlobalSection
	GlobalSection(ProjectConfigurationPlatforms) = postSolution
		{023B028D-CEBF-4CBA-B5B4-E1027E19D5A1}.Debug|Any CPU.ActiveCfg = Debug|Any CPU
		{023B028D-CEBF-4CBA-B5B4-E1027E19D5A1}.Debug|Any CPU.Build.0 = Debug|Any CPU
		{023B028D-CEBF-4CBA-B5B4-E1027E19D5A1}.Release|Any CPU.ActiveCfg = Release|Any CPU
		{023B028D-CEBF-4CBA-B5B4-E1027E19D5A1}.Release|Any CPU.Build.0 = Release|Any CPU
	EndGlobalSection
	GlobalSection(SolutionProperties) = preSolution
		HideSolutionNode = FALSE
	EndGlobalSection
	GlobalSection(ExtensibilityGlobals) = postSolution
		SolutionGuid = {8B003343-DDC9-47E7-A80D-84FEED7DD63E}
	EndGlobalSection
EndGlobal
